// !$*UTF8*$!
{
	archiveVersion = 1;
	classes = {
	};
	objectVersion = 54;
	objects = {

/* Begin PBXBuildFile section */
		13B07FBF1A68108700A75B9A /* Images.xcassets in Resources */ = {isa = PBXBuildFile; fileRef = 13B07FB51A68108700A75B9A /* Images.xcassets */; };
		4E5FB52B1763E49E540DB56C /* libPods-MobiDrag.a in Frameworks */ = {isa = PBXBuildFile; fileRef = A71D6F7BD1362E8B15012D09 /* libPods-MobiDrag.a */; };
		761780ED2CA45674006654EE /* AppDelegate.swift in Sources */ = {isa = PBXBuildFile; fileRef = 761780EC2CA45674006654EE /* AppDelegate.swift */; };
		81AB9BB82411601600AC10FF /* LaunchScreen.storyboard in Resources */ = {isa = PBXBuildFile; fileRef = 81AB9BB72411601600AC10FF /* LaunchScreen.storyboard */; };
		C6E1A07912E117E8A3941A53 /* PrivacyInfo.xcprivacy in Resources */ = {isa = PBXBuildFile; fileRef = 13B07FB81A68108700A75B9A /* PrivacyInfo.xcprivacy */; };
		20933673BA7C48C399FDB59A /* Inter.ttf in Resources */ = {isa = PBXBuildFile; fileRef = B6ACB28BE9674FC78D637E27 /* Inter.ttf */; };
		1089E49DAC9E4718A352C724 /* Lato.ttf in Resources */ = {isa = PBXBuildFile; fileRef = A5A41F40DCDE42C79B2278C5 /* Lato.ttf */; };
		CA171F4E787A488DA082D7E4 /* Manrope.ttf in Resources */ = {isa = PBXBuildFile; fileRef = BCD6B3BEC4BF4CCDB0902E30 /* Manrope.ttf */; };
		222D533F51164F3A94ED37F7 /* Merriweather.ttf in Resources */ = {isa = PBXBuildFile; fileRef = E97EB7964CDC42EFB57BE45A /* Merriweather.ttf */; };
		5E58F18865424383852BB118 /* Montserrat.ttf in Resources */ = {isa = PBXBuildFile; fileRef = 1941A0B38B6A48EFACE8446D /* Montserrat.ttf */; };
		99ABE49F076D48C6A143DD48 /* OpenSans.ttf in Resources */ = {isa = PBXBuildFile; fileRef = FA08D834580F490BA8360010 /* OpenSans.ttf */; };
		C438792E4E4047CE8D3FCE8F /* PlayfairDisplay.ttf in Resources */ = {isa = PBXBuildFile; fileRef = 2B08E2165EB348AF91C1CC64 /* PlayfairDisplay.ttf */; };
		B01F30AF6CD4444A81FF86EE /* Poppins.ttf in Resources */ = {isa = PBXBuildFile; fileRef = DC41021B6F884CDF90C148F9 /* Poppins.ttf */; };
		3F41CB3C990241E2AEFC684F /* Roboto.ttf in Resources */ = {isa = PBXBuildFile; fileRef = 321E74D5DA8B46E196890986 /* Roboto.ttf */; };
		BFA000000000000000000001 /* AntDesign.ttf in Resources */ = {isa = PBXBuildFile; fileRef = AFA000000000000000000001 /* AntDesign.ttf */; };
		BFA000000000000000000002 /* Entypo.ttf in Resources */ = {isa = PBXBuildFile; fileRef = AFA000000000000000000002 /* Entypo.ttf */; };
		BFA000000000000000000003 /* EvilIcons.ttf in Resources */ = {isa = PBXBuildFile; fileRef = AFA000000000000000000003 /* EvilIcons.ttf */; };
		BFA000000000000000000004 /* Feather.ttf in Resources */ = {isa = PBXBuildFile; fileRef = AFA000000000000000000004 /* Feather.ttf */; };
		BFA000000000000000000005 /* FontAwesome.ttf in Resources */ = {isa = PBXBuildFile; fileRef = AFA000000000000000000005 /* FontAwesome.ttf */; };
		BFA000000000000000000006 /* FontAwesome5_Brands.ttf in Resources */ = {isa = PBXBuildFile; fileRef = AFA000000000000000000006 /* FontAwesome5_Brands.ttf */; };
		BFA000000000000000000007 /* FontAwesome5_Regular.ttf in Resources */ = {isa = PBXBuildFile; fileRef = AFA000000000000000000007 /* FontAwesome5_Regular.ttf */; };
		BFA000000000000000000008 /* FontAwesome5_Solid.ttf in Resources */ = {isa = PBXBuildFile; fileRef = AFA000000000000000000008 /* FontAwesome5_Solid.ttf */; };
		BFA000000000000000000009 /* FontAwesome6_Brands.ttf in Resources */ = {isa = PBXBuildFile; fileRef = AFA000000000000000000009 /* FontAwesome6_Brands.ttf */; };
		BFA00000000000000000000A /* FontAwesome6_Regular.ttf in Resources */ = {isa = PBXBuildFile; fileRef = AFA00000000000000000000A /* FontAwesome6_Regular.ttf */; };
		BFA00000000000000000000B /* FontAwesome6_Solid.ttf in Resources */ = {isa = PBXBuildFile; fileRef = AFA00000000000000000000B /* FontAwesome6_Solid.ttf */; };
		BFA00000000000000000000C /* Fontisto.ttf in Resources */ = {isa = PBXBuildFile; fileRef = AFA00000000000000000000C /* Fontisto.ttf */; };
		BFA00000000000000000000D /* Foundation.ttf in Resources */ = {isa = PBXBuildFile; fileRef = AFA00000000000000000000D /* Foundation.ttf */; };
		BFA00000000000000000000E /* Ionicons.ttf in Resources */ = {isa = PBXBuildFile; fileRef = AFA00000000000000000000E /* Ionicons.ttf */; };
		BFA00000000000000000000F /* MaterialCommunityIcons.ttf in Resources */ = {isa = PBXBuildFile; fileRef = AFA00000000000000000000F /* MaterialCommunityIcons.ttf */; };
		BFA000000000000000000010 /* MaterialIcons.ttf in Resources */ = {isa = PBXBuildFile; fileRef = AFA000000000000000000010 /* MaterialIcons.ttf */; };
		BFA000000000000000000011 /* Octicons.ttf in Resources */ = {isa = PBXBuildFile; fileRef = AFA000000000000000000011 /* Octicons.ttf */; };
		BFA000000000000000000012 /* SimpleLineIcons.ttf in Resources */ = {isa = PBXBuildFile; fileRef = AFA000000000000000000012 /* SimpleLineIcons.ttf */; };
		BFA000000000000000000013 /* Zocial.ttf in Resources */ = {isa = PBXBuildFile; fileRef = AFA000000000000000000013 /* Zocial.ttf */; };
/* End PBXBuildFile section */

/* Begin PBXFileReference section */
		016CE0C991B6F2EC7739F2EB /* Pods-MobiDrag.debug.xcconfig */ = {isa = PBXFileReference; includeInIndex = 1; lastKnownFileType = text.xcconfig; name = "Pods-MobiDrag.debug.xcconfig"; path = "Target Support Files/Pods-MobiDrag/Pods-MobiDrag.debug.xcconfig"; sourceTree = "<group>"; };
		13B07F961A680F5B00A75B9A /* MobiDrag.app */ = {isa = PBXFileReference; explicitFileType = wrapper.application; includeInIndex = 0; path = MobiDrag.app; sourceTree = BUILT_PRODUCTS_DIR; };
		13B07FB51A68108700A75B9A /* Images.xcassets */ = {isa = PBXFileReference; lastKnownFileType = folder.assetcatalog; name = Images.xcassets; path = MobiDrag/Images.xcassets; sourceTree = "<group>"; };
		13B07FB61A68108700A75B9A /* Info.plist */ = {isa = PBXFileReference; fileEncoding = 4; lastKnownFileType = text.plist.xml; name = Info.plist; path = MobiDrag/Info.plist; sourceTree = "<group>"; };
		13B07FB81A68108700A75B9A /* PrivacyInfo.xcprivacy */ = {isa = PBXFileReference; fileEncoding = 4; lastKnownFileType = text.plist.xml; name = PrivacyInfo.xcprivacy; path = MobiDrag/PrivacyInfo.xcprivacy; sourceTree = "<group>"; };
		4CA68BCF3FAAE1B20B305E23 /* Pods-MobiDrag.release.xcconfig */ = {isa = PBXFileReference; includeInIndex = 1; lastKnownFileType = text.xcconfig; name = "Pods-MobiDrag.release.xcconfig"; path = "Target Support Files/Pods-MobiDrag/Pods-MobiDrag.release.xcconfig"; sourceTree = "<group>"; };
		761780EC2CA45674006654EE /* AppDelegate.swift */ = {isa = PBXFileReference; lastKnownFileType = sourcecode.swift; name = AppDelegate.swift; path = MobiDrag/AppDelegate.swift; sourceTree = "<group>"; };
		81AB9BB72411601600AC10FF /* LaunchScreen.storyboard */ = {isa = PBXFileReference; fileEncoding = 4; lastKnownFileType = file.storyboard; name = LaunchScreen.storyboard; path = MobiDrag/LaunchScreen.storyboard; sourceTree = "<group>"; };
		A71D6F7BD1362E8B15012D09 /* libPods-MobiDrag.a */ = {isa = PBXFileReference; explicitFileType = archive.ar; includeInIndex = 0; path = "libPods-MobiDrag.a"; sourceTree = BUILT_PRODUCTS_DIR; };
		ED297162215061F000B7C4FE /* JavaScriptCore.framework */ = {isa = PBXFileReference; lastKnownFileType = wrapper.framework; name = JavaScriptCore.framework; path = System/Library/Frameworks/JavaScriptCore.framework; sourceTree = SDKROOT; };
		B6ACB28BE9674FC78D637E27 /* Inter.ttf */ = {isa = PBXFileReference; name = "Inter.ttf"; path = "../src/assets/fonts/Inter.ttf"; sourceTree = "<group>"; fileEncoding = undefined; lastKnownFileType = unknown; explicitFileType = undefined; includeInIndex = 0; };
		A5A41F40DCDE42C79B2278C5 /* Lato.ttf */ = {isa = PBXFileReference; name = "Lato.ttf"; path = "../src/assets/fonts/Lato.ttf"; sourceTree = "<group>"; fileEncoding = undefined; lastKnownFileType = unknown; explicitFileType = undefined; includeInIndex = 0; };
		BCD6B3BEC4BF4CCDB0902E30 /* Manrope.ttf */ = {isa = PBXFileReference; name = "Manrope.ttf"; path = "../src/assets/fonts/Manrope.ttf"; sourceTree = "<group>"; fileEncoding = undefined; lastKnownFileType = unknown; explicitFileType = undefined; includeInIndex = 0; };
		E97EB7964CDC42EFB57BE45A /* Merriweather.ttf */ = {isa = PBXFileReference; name = "Merriweather.ttf"; path = "../src/assets/fonts/Merriweather.ttf"; sourceTree = "<group>"; fileEncoding = undefined; lastKnownFileType = unknown; explicitFileType = undefined; includeInIndex = 0; };
		1941A0B38B6A48EFACE8446D /* Montserrat.ttf */ = {isa = PBXFileReference; name = "Montserrat.ttf"; path = "../src/assets/fonts/Montserrat.ttf"; sourceTree = "<group>"; fileEncoding = undefined; lastKnownFileType = unknown; explicitFileType = undefined; includeInIndex = 0; };
		FA08D834580F490BA8360010 /* OpenSans.ttf */ = {isa = PBXFileReference; name = "OpenSans.ttf"; path = "../src/assets/fonts/OpenSans.ttf"; sourceTree = "<group>"; fileEncoding = undefined; lastKnownFileType = unknown; explicitFileType = undefined; includeInIndex = 0; };
		2B08E2165EB348AF91C1CC64 /* PlayfairDisplay.ttf */ = {isa = PBXFileReference; name = "PlayfairDisplay.ttf"; path = "../src/assets/fonts/PlayfairDisplay.ttf"; sourceTree = "<group>"; fileEncoding = undefined; lastKnownFileType = unknown; explicitFileType = undefined; includeInIndex = 0; };
		DC41021B6F884CDF90C148F9 /* Poppins.ttf */ = {isa = PBXFileReference; name = "Poppins.ttf"; path = "../src/assets/fonts/Poppins.ttf"; sourceTree = "<group>"; fileEncoding = undefined; lastKnownFileType = unknown; explicitFileType = undefined; includeInIndex = 0; };
		321E74D5DA8B46E196890986 /* Roboto.ttf */ = {isa = PBXFileReference; name = "Roboto.ttf"; path = "../src/assets/fonts/Roboto.ttf"; sourceTree = "<group>"; fileEncoding = undefined; lastKnownFileType = unknown; explicitFileType = undefined; includeInIndex = 0; };
		AFA000000000000000000001 /* AntDesign.ttf */ = {isa = PBXFileReference; name = "AntDesign.ttf"; path = "../node_modules/react-native-vector-icons/Fonts/AntDesign.ttf"; sourceTree = "<group>"; fileEncoding = undefined; lastKnownFileType = unknown; explicitFileType = undefined; includeInIndex = 0; };
		AFA000000000000000000002 /* Entypo.ttf */ = {isa = PBXFileReference; name = "Entypo.ttf"; path = "../node_modules/react-native-vector-icons/Fonts/Entypo.ttf"; sourceTree = "<group>"; fileEncoding = undefined; lastKnownFileType = unknown; explicitFileType = undefined; includeInIndex = 0; };
		AFA000000000000000000003 /* EvilIcons.ttf */ = {isa = PBXFileReference; name = "EvilIcons.ttf"; path = "../node_modules/react-native-vector-icons/Fonts/EvilIcons.ttf"; sourceTree = "<group>"; fileEncoding = undefined; lastKnownFileType = unknown; explicitFileType = undefined; includeInIndex = 0; };
		AFA000000000000000000004 /* Feather.ttf */ = {isa = PBXFileReference; name = "Feather.ttf"; path = "../node_modules/react-native-vector-icons/Fonts/Feather.ttf"; sourceTree = "<group>"; fileEncoding = undefined; lastKnownFileType = unknown; explicitFileType = undefined; includeInIndex = 0; };
		AFA000000000000000000005 /* FontAwesome.ttf */ = {isa = PBXFileReference; name = "FontAwesome.ttf"; path = "../node_modules/react-native-vector-icons/Fonts/FontAwesome.ttf"; sourceTree = "<group>"; fileEncoding = undefined; lastKnownFileType = unknown; explicitFileType = undefined; includeInIndex = 0; };
		AFA000000000000000000006 /* FontAwesome5_Brands.ttf */ = {isa = PBXFileReference; name = "FontAwesome5_Brands.ttf"; path = "../node_modules/react-native-vector-icons/Fonts/FontAwesome5_Brands.ttf"; sourceTree = "<group>"; fileEncoding = undefined; lastKnownFileType = unknown; explicitFileType = undefined; includeInIndex = 0; };
		AFA000000000000000000007 /* FontAwesome5_Regular.ttf */ = {isa = PBXFileReference; name = "FontAwesome5_Regular.ttf"; path = "../node_modules/react-native-vector-icons/Fonts/FontAwesome5_Regular.ttf"; sourceTree = "<group>"; fileEncoding = undefined; lastKnownFileType = unknown; explicitFileType = undefined; includeInIndex = 0; };
		AFA000000000000000000008 /* FontAwesome5_Solid.ttf */ = {isa = PBXFileReference; name = "FontAwesome5_Solid.ttf"; path = "../node_modules/react-native-vector-icons/Fonts/FontAwesome5_Solid.ttf"; sourceTree = "<group>"; fileEncoding = undefined; lastKnownFileType = unknown; explicitFileType = undefined; includeInIndex = 0; };
		AFA000000000000000000009 /* FontAwesome6_Brands.ttf */ = {isa = PBXFileReference; name = "FontAwesome6_Brands.ttf"; path = "../node_modules/react-native-vector-icons/Fonts/FontAwesome6_Brands.ttf"; sourceTree = "<group>"; fileEncoding = undefined; lastKnownFileType = unknown; explicitFileType = undefined; includeInIndex = 0; };
		AFA00000000000000000000A /* FontAwesome6_Regular.ttf */ = {isa = PBXFileReference; name = "FontAwesome6_Regular.ttf"; path = "../node_modules/react-native-vector-icons/Fonts/FontAwesome6_Regular.ttf"; sourceTree = "<group>"; fileEncoding = undefined; lastKnownFileType = unknown; explicitFileType = undefined; includeInIndex = 0; };
		AFA00000000000000000000B /* FontAwesome6_Solid.ttf */ = {isa = PBXFileReference; name = "FontAwesome6_Solid.ttf"; path = "../node_modules/react-native-vector-icons/Fonts/FontAwesome6_Solid.ttf"; sourceTree = "<group>"; fileEncoding = undefined; lastKnownFileType = unknown; explicitFileType = undefined; includeInIndex = 0; };
		AFA00000000000000000000C /* Fontisto.ttf */ = {isa = PBXFileReference; name = "Fontisto.ttf"; path = "../node_modules/react-native-vector-icons/Fonts/Fontisto.ttf"; sourceTree = "<group>"; fileEncoding = undefined; lastKnownFileType = unknown; explicitFileType = undefined; includeInIndex = 0; };
		AFA00000000000000000000D /* Foundation.ttf */ = {isa = PBXFileReference; name = "Foundation.ttf"; path = "../node_modules/react-native-vector-icons/Fonts/Foundation.ttf"; sourceTree = "<group>"; fileEncoding = undefined; lastKnownFileType = unknown; explicitFileType = undefined; includeInIndex = 0; };
		AFA00000000000000000000E /* Ionicons.ttf */ = {isa = PBXFileReference; name = "Ionicons.ttf"; path = "../node_modules/react-native-vector-icons/Fonts/Ionicons.ttf"; sourceTree = "<group>"; fileEncoding = undefined; lastKnownFileType = unknown; explicitFileType = undefined; includeInIndex = 0; };
		AFA00000000000000000000F /* MaterialCommunityIcons.ttf */ = {isa = PBXFileReference; name = "MaterialCommunityIcons.ttf"; path = "../node_modules/react-native-vector-icons/Fonts/MaterialCommunityIcons.ttf"; sourceTree = "<group>"; fileEncoding = undefined; lastKnownFileType = unknown; explicitFileType = undefined; includeInIndex = 0; };
		AFA000000000000000000010 /* MaterialIcons.ttf */ = {isa = PBXFileReference; name = "MaterialIcons.ttf"; path = "../node_modules/react-native-vector-icons/Fonts/MaterialIcons.ttf"; sourceTree = "<group>"; fileEncoding = undefined; lastKnownFileType = unknown; explicitFileType = undefined; includeInIndex = 0; };
		AFA000000000000000000011 /* Octicons.ttf */ = {isa = PBXFileReference; name = "Octicons.ttf"; path = "../node_modules/react-native-vector-icons/Fonts/Octicons.ttf"; sourceTree = "<group>"; fileEncoding = undefined; lastKnownFileType = unknown; explicitFileType = undefined; includeInIndex = 0; };
		AFA000000000000000000012 /* SimpleLineIcons.ttf */ = {isa = PBXFileReference; name = "SimpleLineIcons.ttf"; path = "../node_modules/react-native-vector-icons/Fonts/SimpleLineIcons.ttf"; sourceTree = "<group>"; fileEncoding = undefined; lastKnownFileType = unknown; explicitFileType = undefined; includeInIndex = 0; };
		AFA000000000000000000013 /* Zocial.ttf */ = {isa = PBXFileReference; name = "Zocial.ttf"; path = "../node_modules/react-native-vector-icons/Fonts/Zocial.ttf"; sourceTree = "<group>"; fileEncoding = undefined; lastKnownFileType = unknown; explicitFileType = undefined; includeInIndex = 0; };
/* End PBXFileReference section */

/* Begin PBXFrameworksBuildPhase section */
		13B07F8C1A680F5B00A75B9A /* Frameworks */ = {
			isa = PBXFrameworksBuildPhase;
			buildActionMask = 2147483647;
			files = (
				4E5FB52B1763E49E540DB56C /* libPods-MobiDrag.a in Frameworks */,
			);
			runOnlyForDeploymentPostprocessing = 0;
		};
/* End PBXFrameworksBuildPhase section */

/* Begin PBXGroup section */
		13B07FAE1A68108700A75B9A /* MobiDrag */ = {
			isa = PBXGroup;
			children = (
				13B07FB51A68108700A75B9A /* Images.xcassets */,
				761780EC2CA45674006654EE /* AppDelegate.swift */,
				13B07FB61A68108700A75B9A /* Info.plist */,
				81AB9BB72411601600AC10FF /* LaunchScreen.storyboard */,
				13B07FB81A68108700A75B9A /* PrivacyInfo.xcprivacy */,
			);
			name = MobiDrag;
			sourceTree = "<group>";
		};
		2D16E6871FA4F8E400B85C8A /* Frameworks */ = {
			isa = PBXGroup;
			children = (
				ED297162215061F000B7C4FE /* JavaScriptCore.framework */,
				A71D6F7BD1362E8B15012D09 /* libPods-MobiDrag.a */,
			);
			name = Frameworks;
			sourceTree = "<group>";
		};
		832341AE1AAA6A7D00B99B32 /* Libraries */ = {
			isa = PBXGroup;
			children = (
			);
			name = Libraries;
			sourceTree = "<group>";
		};
		83CBB9F61A601CBA00E9B192 = {
			isa = PBXGroup;
			children = (
				13B07FAE1A68108700A75B9A /* MobiDrag */,
				832341AE1AAA6A7D00B99B32 /* Libraries */,
				83CBBA001A601CBA00E9B192 /* Products */,
				2D16E6871FA4F8E400B85C8A /* Frameworks */,
				BBD78D7AC51CEA395F1C20DB /* Pods */,
				6ED3DE698DDB4A269C0F6417 /* Resources */,
			);
			indentWidth = 2;
			sourceTree = "<group>";
			tabWidth = 2;
			usesTabs = 0;
		};
		83CBBA001A601CBA00E9B192 /* Products */ = {
			isa = PBXGroup;
			children = (
				13B07F961A680F5B00A75B9A /* MobiDrag.app */,
			);
			name = Products;
			sourceTree = "<group>";
		};
		BBD78D7AC51CEA395F1C20DB /* Pods */ = {
			isa = PBXGroup;
			children = (
				016CE0C991B6F2EC7739F2EB /* Pods-MobiDrag.debug.xcconfig */,
				4CA68BCF3FAAE1B20B305E23 /* Pods-MobiDrag.release.xcconfig */,
			);
			path = Pods;
			sourceTree = "<group>";
		};
		6ED3DE698DDB4A269C0F6417 /* Resources */ = {
			isa = "PBXGroup";
			children = (
				B6ACB28BE9674FC78D637E27 /* Inter.ttf */,
				A5A41F40DCDE42C79B2278C5 /* Lato.ttf */,
				BCD6B3BEC4BF4CCDB0902E30 /* Manrope.ttf */,
				E97EB7964CDC42EFB57BE45A /* Merriweather.ttf */,
				1941A0B38B6A48EFACE8446D /* Montserrat.ttf */,
				FA08D834580F490BA8360010 /* OpenSans.ttf */,
				2B08E2165EB348AF91C1CC64 /* PlayfairDisplay.ttf */,
				DC41021B6F884CDF90C148F9 /* Poppins.ttf */,
				321E74D5DA8B46E196890986 /* Roboto.ttf */,
				AFA000000000000000000001 /* AntDesign.ttf */,
				AFA000000000000000000002 /* Entypo.ttf */,
				AFA000000000000000000003 /* EvilIcons.ttf */,
				AFA000000000000000000004 /* Feather.ttf */,
				AFA000000000000000000005 /* FontAwesome.ttf */,
				AFA000000000000000000006 /* FontAwesome5_Brands.ttf */,
				AFA000000000000000000007 /* FontAwesome5_Regular.ttf */,
				AFA000000000000000000008 /* FontAwesome5_Solid.ttf */,
				AFA000000000000000000009 /* FontAwesome6_Brands.ttf */,
				AFA00000000000000000000A /* FontAwesome6_Regular.ttf */,
				AFA00000000000000000000B /* FontAwesome6_Solid.ttf */,
				AFA00000000000000000000C /* Fontisto.ttf */,
				AFA00000000000000000000D /* Foundation.ttf */,
				AFA00000000000000000000E /* Ionicons.ttf */,
				AFA00000000000000000000F /* MaterialCommunityIcons.ttf */,
				AFA000000000000000000010 /* MaterialIcons.ttf */,
				AFA000000000000000000011 /* Octicons.ttf */,
				AFA000000000000000000012 /* SimpleLineIcons.ttf */,
				AFA000000000000000000013 /* Zocial.ttf */,
			);
			name = Resources;
			sourceTree = "<group>";
			path = "";
		};
/* End PBXGroup section */

/* Begin PBXNativeTarget section */
		13B07F861A680F5B00A75B9A /* MobiDrag */ = {
			isa = PBXNativeTarget;
			buildConfigurationList = 13B07F931A680F5B00A75B9A /* Build configuration list for PBXNativeTarget "MobiDrag" */;
			buildPhases = (
				908B0E7450E48C1D9A16B0B3 /* [CP] Check Pods Manifest.lock */,
				C0D3C0D3C0D3C0D3C0D3C0D3 /* Update Dynamic iOS Brand Assets */,
				13B07F871A680F5B00A75B9A /* Sources */,
				13B07F8C1A680F5B00A75B9A /* Frameworks */,
				13B07F8E1A680F5B00A75B9A /* Resources */,
				00DD1BFF1BD5951E006B06BC /* Bundle React Native code and images */,
				398410DBB6977EB4E1A428CC /* [CP] Embed Pods Frameworks */,
				8B555B47C40DB01B76A0417C /* [CP] Copy Pods Resources */,
			);
			buildRules = (
			);
			dependencies = (
			);
			name = MobiDrag;
			productName = MobiDrag;
			productReference = 13B07F961A680F5B00A75B9A /* MobiDrag.app */;
			productType = "com.apple.product-type.application";
		};
/* End PBXNativeTarget section */

/* Begin PBXProject section */
		83CBB9F71A601CBA00E9B192 /* Project object */ = {
			isa = PBXProject;
			attributes = {
				LastUpgradeCheck = 1210;
				TargetAttributes = {
					13B07F861A680F5B00A75B9A = {
						LastSwiftMigration = 1120;
					};
				};
			};
			buildConfigurationList = 83CBB9FA1A601CBA00E9B192 /* Build configuration list for PBXProject "MobiDrag" */;
			compatibilityVersion = "Xcode 12.0";
			developmentRegion = en;
			hasScannedForEncodings = 0;
			knownRegions = (
				en,
				Base,
			);
			mainGroup = 83CBB9F61A601CBA00E9B192;
			productRefGroup = 83CBBA001A601CBA00E9B192 /* Products */;
			projectDirPath = "";
			projectRoot = "";
			targets = (
				13B07F861A680F5B00A75B9A /* MobiDrag */,
			);
		};
/* End PBXProject section */

/* Begin PBXResourcesBuildPhase section */
		13B07F8E1A680F5B00A75B9A /* Resources */ = {
			isa = PBXResourcesBuildPhase;
			buildActionMask = 2147483647;
			files = (
				81AB9BB82411601600AC10FF /* LaunchScreen.storyboard in Resources */,
				13B07FBF1A68108700A75B9A /* Images.xcassets in Resources */,
				C6E1A07912E117E8A3941A53 /* PrivacyInfo.xcprivacy in Resources */,
				20933673BA7C48C399FDB59A /* Inter.ttf in Resources */,
				1089E49DAC9E4718A352C724 /* Lato.ttf in Resources */,
				CA171F4E787A488DA082D7E4 /* Manrope.ttf in Resources */,
				222D533F51164F3A94ED37F7 /* Merriweather.ttf in Resources */,
				5E58F18865424383852BB118 /* Montserrat.ttf in Resources */,
				99ABE49F076D48C6A143DD48 /* OpenSans.ttf in Resources */,
				C438792E4E4047CE8D3FCE8F /* PlayfairDisplay.ttf in Resources */,
				B01F30AF6CD4444A81FF86EE /* Poppins.ttf in Resources */,
				3F41CB3C990241E2AEFC684F /* Roboto.ttf in Resources */,
				BFA000000000000000000001 /* AntDesign.ttf in Resources */,
				BFA000000000000000000002 /* Entypo.ttf in Resources */,
				BFA000000000000000000003 /* EvilIcons.ttf in Resources */,
				BFA000000000000000000004 /* Feather.ttf in Resources */,
				BFA000000000000000000005 /* FontAwesome.ttf in Resources */,
				BFA000000000000000000006 /* FontAwesome5_Brands.ttf in Resources */,
				BFA000000000000000000007 /* FontAwesome5_Regular.ttf in Resources */,
				BFA000000000000000000008 /* FontAwesome5_Solid.ttf in Resources */,
				BFA000000000000000000009 /* FontAwesome6_Brands.ttf in Resources */,
				BFA00000000000000000000A /* FontAwesome6_Regular.ttf in Resources */,
				BFA00000000000000000000B /* FontAwesome6_Solid.ttf in Resources */,
				BFA00000000000000000000C /* Fontisto.ttf in Resources */,
				BFA00000000000000000000D /* Foundation.ttf in Resources */,
				BFA00000000000000000000E /* Ionicons.ttf in Resources */,
				BFA00000000000000000000F /* MaterialCommunityIcons.ttf in Resources */,
				BFA000000000000000000010 /* MaterialIcons.ttf in Resources */,
				BFA000000000000000000011 /* Octicons.ttf in Resources */,
				BFA000000000000000000012 /* SimpleLineIcons.ttf in Resources */,
				BFA000000000000000000013 /* Zocial.ttf in Resources */,
			);
			runOnlyForDeploymentPostprocessing = 0;
		};
/* End PBXResourcesBuildPhase section */

/* Begin PBXShellScriptBuildPhase section */
		C0D3C0D3C0D3C0D3C0D3C0D3 /* Update Dynamic iOS Brand Assets */ = {
			isa = PBXShellScriptBuildPhase;
			alwaysOutOfDate = 1;
			buildActionMask = 2147483647;
			files = (
			);
			inputPaths = (
			);
			name = "Update Dynamic iOS Brand Assets";
			outputPaths = (
			);
			runOnlyForDeploymentPostprocessing = 0;
			shellPath = /bin/sh;
			shellScript = "set -e\nif [ -f \"$SRCROOT/.xcode.env\" ]; then\n  . \"$SRCROOT/.xcode.env\"\nfi\nif [ -f \"$SRCROOT/.xcode.env.local\" ]; then\n  . \"$SRCROOT/.xcode.env.local\"\nfi\ncd \"$SRCROOT/..\"\nNODE_BIN=\"${NODE_BINARY:-node}\"\n\"$NODE_BIN\" scripts/update-ios-brand-assets.js\n";
		};
		00DD1BFF1BD5951E006B06BC /* Bundle React Native code and images */ = {
			isa = PBXShellScriptBuildPhase;
			buildActionMask = 2147483647;
			files = (
			);
			inputPaths = (
				"$(SRCROOT)/.xcode.env.local",
				"$(SRCROOT)/.xcode.env",
			);
			name = "Bundle React Native code and images";
			outputPaths = (
			);
			runOnlyForDeploymentPostprocessing = 0;
			shellPath = /bin/sh;
			shellScript = "set -e\n\nWITH_ENVIRONMENT=\"$REACT_NATIVE_PATH/scripts/xcode/with-environment.sh\"\nREACT_NATIVE_XCODE=\"$REACT_NATIVE_PATH/scripts/react-native-xcode.sh\"\n\nif [ -z \"$FORCE_BUNDLING\" ]; then\n  export FORCE_BUNDLING=1\nfi\n\n/bin/sh -c \"$WITH_ENVIRONMENT $REACT_NATIVE_XCODE\"\n";
		};
		398410DBB6977EB4E1A428CC /* [CP] Embed Pods Frameworks */ = {
			isa = PBXShellScriptBuildPhase;
			buildActionMask = 2147483647;
			files = (
			);
			inputFileListPaths = (
				"${PODS_ROOT}/Target Support Files/Pods-MobiDrag/Pods-MobiDrag-frameworks-${CONFIGURATION}-input-files.xcfilelist",
			);
			name = "[CP] Embed Pods Frameworks";
			outputFileListPaths = (
				"${PODS_ROOT}/Target Support Files/Pods-MobiDrag/Pods-MobiDrag-frameworks-${CONFIGURATION}-output-files.xcfilelist",
			);
			runOnlyForDeploymentPostprocessing = 0;
			shellPath = /bin/sh;
			shellScript = "\"${PODS_ROOT}/Target Support Files/Pods-MobiDrag/Pods-MobiDrag-frameworks.sh\"\n";
			showEnvVarsInLog = 0;
		};
		8B555B47C40DB01B76A0417C /* [CP] Copy Pods Resources */ = {
			isa = PBXShellScriptBuildPhase;
			buildActionMask = 2147483647;
			files = (
			);
			inputFileListPaths = (
				"${PODS_ROOT}/Target Support Files/Pods-MobiDrag/Pods-MobiDrag-resources-${CONFIGURATION}-input-files.xcfilelist",
			);
			name = "[CP] Copy Pods Resources";
			outputFileListPaths = (
				"${PODS_ROOT}/Target Support Files/Pods-MobiDrag/Pods-MobiDrag-resources-${CONFIGURATION}-output-files.xcfilelist",
			);
			runOnlyForDeploymentPostprocessing = 0;
			shellPath = /bin/sh;
			shellScript = "\"${PODS_ROOT}/Target Support Files/Pods-MobiDrag/Pods-MobiDrag-resources.sh\"\n";
			showEnvVarsInLog = 0;
		};
		908B0E7450E48C1D9A16B0B3 /* [CP] Check Pods Manifest.lock */ = {
			isa = PBXShellScriptBuildPhase;
			buildActionMask = 2147483647;
			files = (
			);
			inputFileListPaths = (
			);
			inputPaths = (
				"${PODS_PODFILE_DIR_PATH}/Podfile.lock",
				"${PODS_ROOT}/Manifest.lock",
			);
			name = "[CP] Check Pods Manifest.lock";
			outputFileListPaths = (
			);
			outputPaths = (
				"$(DERIVED_FILE_DIR)/Pods-MobiDrag-checkManifestLockResult.txt",
			);
			runOnlyForDeploymentPostprocessing = 0;
			shellPath = /bin/sh;
			shellScript = "diff \"${PODS_PODFILE_DIR_PATH}/Podfile.lock\" \"${PODS_ROOT}/Manifest.lock\" > /dev/null\nif [ $? != 0 ] ; then\n    # print error to STDERR\n    echo \"error: The sandbox is not in sync with the Podfile.lock. Run 'pod install' or update your CocoaPods installation.\" >&2\n    exit 1\nfi\n# This output is used by Xcode 'outputs' to avoid re-running this script phase.\necho \"SUCCESS\" > \"${SCRIPT_OUTPUT_FILE_0}\"\n";
			showEnvVarsInLog = 0;
		};
/* End PBXShellScriptBuildPhase section */

/* Begin PBXSourcesBuildPhase section */
		13B07F871A680F5B00A75B9A /* Sources */ = {
			isa = PBXSourcesBuildPhase;
			buildActionMask = 2147483647;
			files = (
				761780ED2CA45674006654EE /* AppDelegate.swift in Sources */,
			);
			runOnlyForDeploymentPostprocessing = 0;
		};
/* End PBXSourcesBuildPhase section */

/* Begin XCBuildConfiguration section */
		13B07F941A680F5B00A75B9A /* Debug */ = {
			isa = XCBuildConfiguration;
			baseConfigurationReference = 016CE0C991B6F2EC7739F2EB /* Pods-MobiDrag.debug.xcconfig */;
			buildSettings = {
				ASSETCATALOG_COMPILER_APPICON_NAME = AppIcon;
				CLANG_ENABLE_MODULES = YES;
				CURRENT_PROJECT_VERSION = 1;
				ENABLE_BITCODE = NO;
				INFOPLIST_FILE = MobiDrag/Info.plist;
				IPHONEOS_DEPLOYMENT_TARGET = 15.1;
				LD_RUNPATH_SEARCH_PATHS = (
					"$(inherited)",
					"@executable_path/Frameworks",
				);
				MARKETING_VERSION = 1.0;
				OTHER_LDFLAGS = (
					"$(inherited)",
					"-ObjC",
					"-lc++",
				);
				PRODUCT_BUNDLE_IDENTIFIER = "org.reactjs.native.example.$(PRODUCT_NAME:rfc1034identifier)";
				PRODUCT_NAME = MobiDrag;
				SWIFT_OPTIMIZATION_LEVEL = "-Onone";
				SWIFT_VERSION = 5.0;
				VERSIONING_SYSTEM = "apple-generic";
			};
			name = Debug;
		};
		13B07F951A680F5B00A75B9A /* Release */ = {
			isa = XCBuildConfiguration;
			baseConfigurationReference = 4CA68BCF3FAAE1B20B305E23 /* Pods-MobiDrag.release.xcconfig */;
			buildSettings = {
				ASSETCATALOG_COMPILER_APPICON_NAME = AppIcon;
				CLANG_ENABLE_MODULES = YES;
				CURRENT_PROJECT_VERSION = 1;
				INFOPLIST_FILE = MobiDrag/Info.plist;
				IPHONEOS_DEPLOYMENT_TARGET = 15.1;
				LD_RUNPATH_SEARCH_PATHS = (
					"$(inherited)",
					"@executable_path/Frameworks",
				);
				MARKETING_VERSION = 1.0;
				OTHER_LDFLAGS = (
					"$(inherited)",
					"-ObjC",
					"-lc++",
				);
				PRODUCT_BUNDLE_IDENTIFIER = "org.reactjs.native.example.$(PRODUCT_NAME:rfc1034identifier)";
				PRODUCT_NAME = MobiDrag;
				SWIFT_VERSION = 5.0;
				VERSIONING_SYSTEM = "apple-generic";
			};
			name = Release;
		};
		83CBBA201A601CBA00E9B192 /* Debug */ = {
			isa = XCBuildConfiguration;
			buildSettings = {
				ALWAYS_SEARCH_USER_PATHS = NO;
				CLANG_ANALYZER_LOCALIZABILITY_NONLOCALIZED = YES;
				CLANG_CXX_LANGUAGE_STANDARD = "c++20";
				CLANG_CXX_LIBRARY = "libc++";
				CLANG_ENABLE_MODULES = YES;
				CLANG_ENABLE_OBJC_ARC = YES;
				CLANG_WARN_BLOCK_CAPTURE_AUTORELEASING = YES;
				CLANG_WARN_BOOL_CONVERSION = YES;
				CLANG_WARN_COMMA = YES;
				CLANG_WARN_CONSTANT_CONVERSION = YES;
				CLANG_WARN_DEPRECATED_OBJC_IMPLEMENTATIONS = YES;
				CLANG_WARN_DIRECT_OBJC_ISA_USAGE = YES_ERROR;
				CLANG_WARN_EMPTY_BODY = YES;
				CLANG_WARN_ENUM_CONVERSION = YES;
				CLANG_WARN_INFINITE_RECURSION = YES;
				CLANG_WARN_INT_CONVERSION = YES;
				CLANG_WARN_NON_LITERAL_NULL_CONVERSION = YES;
				CLANG_WARN_OBJC_IMPLICIT_RETAIN_SELF = YES;
				CLANG_WARN_OBJC_LITERAL_CONVERSION = YES;
				CLANG_WARN_OBJC_ROOT_CLASS = YES_ERROR;
				CLANG_WARN_QUOTED_INCLUDE_IN_FRAMEWORK_HEADER = YES;
				CLANG_WARN_RANGE_LOOP_ANALYSIS = YES;
				CLANG_WARN_STRICT_PROTOTYPES = YES;
				CLANG_WARN_SUSPICIOUS_MOVE = YES;
				CLANG_WARN_UNREACHABLE_CODE = YES;
				CLANG_WARN__DUPLICATE_METHOD_MATCH = YES;
				"CODE_SIGN_IDENTITY[sdk=iphoneos*]" = "iPhone Developer";
				COPY_PHASE_STRIP = NO;
				ENABLE_STRICT_OBJC_MSGSEND = YES;
				ENABLE_TESTABILITY = YES;
				"EXCLUDED_ARCHS[sdk=iphonesimulator*]" = "";
				GCC_C_LANGUAGE_STANDARD = gnu99;
				GCC_DYNAMIC_NO_PIC = NO;
				GCC_NO_COMMON_BLOCKS = YES;
				GCC_OPTIMIZATION_LEVEL = 0;
				GCC_PREPROCESSOR_DEFINITIONS = (
					"DEBUG=1",
					"$(inherited)",
				);
				GCC_SYMBOLS_PRIVATE_EXTERN = NO;
				GCC_WARN_64_TO_32_BIT_CONVERSION = YES;
				GCC_WARN_ABOUT_RETURN_TYPE = YES_ERROR;
				GCC_WARN_UNDECLARED_SELECTOR = YES;
				GCC_WARN_UNINITIALIZED_AUTOS = YES_AGGRESSIVE;
				GCC_WARN_UNUSED_FUNCTION = YES;
				GCC_WARN_UNUSED_VARIABLE = YES;
				IPHONEOS_DEPLOYMENT_TARGET = 15.1;
				LD_RUNPATH_SEARCH_PATHS = (
					/usr/lib/swift,
					"$(inherited)",
				);
				LIBRARY_SEARCH_PATHS = (
					"\"$(SDKROOT)/usr/lib/swift\"",
					"\"$(TOOLCHAIN_DIR)/usr/lib/swift/$(PLATFORM_NAME)\"",
					"\"$(inherited)\"",
				);
				MTL_ENABLE_DEBUG_INFO = YES;
				ONLY_ACTIVE_ARCH = YES;
				OTHER_CPLUSPLUSFLAGS = (
					"$(OTHER_CFLAGS)",
					"-DFOLLY_NO_CONFIG",
					"-DFOLLY_MOBILE=1",
					"-DFOLLY_USE_LIBCPP=1",
					"-DFOLLY_CFG_NO_COROUTINES=1",
					"-DFOLLY_HAVE_CLOCK_GETTIME=1",
				);
				REACT_NATIVE_PATH = "${PODS_ROOT}/../../node_modules/react-native";
				SDKROOT = iphoneos;
				SWIFT_ACTIVE_COMPILATION_CONDITIONS = "$(inherited) DEBUG";
				USE_HERMES = true;
			};
			name = Debug;
		};
		83CBBA211A601CBA00E9B192 /* Release */ = {
			isa = XCBuildConfiguration;
			buildSettings = {
				ALWAYS_SEARCH_USER_PATHS = NO;
				CLANG_ANALYZER_LOCALIZABILITY_NONLOCALIZED = YES;
				CLANG_CXX_LANGUAGE_STANDARD = "c++20";
				CLANG_CXX_LIBRARY = "libc++";
				CLANG_ENABLE_MODULES = YES;
				CLANG_ENABLE_OBJC_ARC = YES;
				CLANG_WARN_BLOCK_CAPTURE_AUTORELEASING = YES;
				CLANG_WARN_BOOL_CONVERSION = YES;
				CLANG_WARN_COMMA = YES;
				CLANG_WARN_CONSTANT_CONVERSION = YES;
				CLANG_WARN_DEPRECATED_OBJC_IMPLEMENTATIONS = YES;
				CLANG_WARN_DIRECT_OBJC_ISA_USAGE = YES_ERROR;
				CLANG_WARN_EMPTY_BODY = YES;
				CLANG_WARN_ENUM_CONVERSION = YES;
				CLANG_WARN_INFINITE_RECURSION = YES;
				CLANG_WARN_INT_CONVERSION = YES;
				CLANG_WARN_NON_LITERAL_NULL_CONVERSION = YES;
				CLANG_WARN_OBJC_IMPLICIT_RETAIN_SELF = YES;
				CLANG_WARN_OBJC_LITERAL_CONVERSION = YES;
				CLANG_WARN_OBJC_ROOT_CLASS = YES_ERROR;
				CLANG_WARN_QUOTED_INCLUDE_IN_FRAMEWORK_HEADER = YES;
				CLANG_WARN_RANGE_LOOP_ANALYSIS = YES;
				CLANG_WARN_STRICT_PROTOTYPES = YES;
				CLANG_WARN_SUSPICIOUS_MOVE = YES;
				CLANG_WARN_UNREACHABLE_CODE = YES;
				CLANG_WARN__DUPLICATE_METHOD_MATCH = YES;
				"CODE_SIGN_IDENTITY[sdk=iphoneos*]" = "iPhone Developer";
				COPY_PHASE_STRIP = YES;
				ENABLE_NS_ASSERTIONS = NO;
				ENABLE_STRICT_OBJC_MSGSEND = YES;
				"EXCLUDED_ARCHS[sdk=iphonesimulator*]" = "";
				GCC_C_LANGUAGE_STANDARD = gnu99;
				GCC_NO_COMMON_BLOCKS = YES;
				GCC_WARN_64_TO_32_BIT_CONVERSION = YES;
				GCC_WARN_ABOUT_RETURN_TYPE = YES_ERROR;
				GCC_WARN_UNDECLARED_SELECTOR = YES;
				GCC_WARN_UNINITIALIZED_AUTOS = YES_AGGRESSIVE;
				GCC_WARN_UNUSED_FUNCTION = YES;
				GCC_WARN_UNUSED_VARIABLE = YES;
				IPHONEOS_DEPLOYMENT_TARGET = 15.1;
				LD_RUNPATH_SEARCH_PATHS = (
					/usr/lib/swift,
					"$(inherited)",
				);
				LIBRARY_SEARCH_PATHS = (
					"\"$(SDKROOT)/usr/lib/swift\"",
					"\"$(TOOLCHAIN_DIR)/usr/lib/swift/$(PLATFORM_NAME)\"",
					"\"$(inherited)\"",
				);
				MTL_ENABLE_DEBUG_INFO = NO;
				OTHER_CPLUSPLUSFLAGS = (
					"$(OTHER_CFLAGS)",
					"-DFOLLY_NO_CONFIG",
					"-DFOLLY_MOBILE=1",
					"-DFOLLY_USE_LIBCPP=1",
					"-DFOLLY_CFG_NO_COROUTINES=1",
					"-DFOLLY_HAVE_CLOCK_GETTIME=1",
				);
				REACT_NATIVE_PATH = "${PODS_ROOT}/../../node_modules/react-native";
				SDKROOT = iphoneos;
				USE_HERMES = true;
				VALIDATE_PRODUCT = YES;
			};
			name = Release;
		};
/* End XCBuildConfiguration section */

/* Begin XCConfigurationList section */
		13B07F931A680F5B00A75B9A /* Build configuration list for PBXNativeTarget "MobiDrag" */ = {
			isa = XCConfigurationList;
			buildConfigurations = (
				13B07F941A680F5B00A75B9A /* Debug */,
				13B07F951A680F5B00A75B9A /* Release */,
			);
			defaultConfigurationIsVisible = 0;
			defaultConfigurationName = Release;
		};
		83CBB9FA1A601CBA00E9B192 /* Build configuration list for PBXProject "MobiDrag" */ = {
			isa = XCConfigurationList;
			buildConfigurations = (
				83CBBA201A601CBA00E9B192 /* Debug */,
				83CBBA211A601CBA00E9B192 /* Release */,
			);
			defaultConfigurationIsVisible = 0;
			defaultConfigurationName = Release;
		};
/* End XCConfigurationList section */
	};
	rootObject = 83CBB9F71A601CBA00E9B192 /* Project object */;
}
